
Microsoft Visual Studio Solution File, Format Version 12.00
# Visual Studio Version 17
VisualStudioVersion = 17.10.34928.147
MinimumVisualStudioVersion = 10.0.40219.1
Project("{FAE04EC0-301F-11D3-BF4B-00C04F79EFBC}") = "Ost_Assignment_4", "Ost_Assignment_4\Ost_Assignment_4.csproj", "{B840EDBC-4C41-4254-A5AD-DA92C706DBD2}"
EndProject
Global
	GlobalSection(SolutionConfigurationPlatforms) = preSolution
		Debug|Any CPU = Debug|Any CPU
		Release|Any CPU = Release|Any CPU
	EndGlobalSection
	GlobalSection(ProjectConfigurationPlatforms) = postSolution
		{B840EDBC-4C41-4254-A5AD-DA92C706DBD2}.Debug|Any CPU.ActiveCfg = Debug|Any CPU
		{B840EDBC-4C41-4254-A5AD-DA92C706DBD2}.Debug|Any CPU.Build.0 = Debug|Any CPU
		{B840EDBC-4C41-4254-A5AD-DA92C706DBD2}.Release|Any CPU.ActiveCfg = Release|Any CPU
		{B840EDBC-4C41-4254-A5AD-DA92C706DBD2}.Release|Any CPU.Build.0 = Release|Any CPU
	EndGlobalSection
	GlobalSection(SolutionProperties) = preSolution
		HideSolutionNode = FALSE
	EndGlobalSection
	GlobalSection(ExtensibilityGlobals) = postSolution
		SolutionGuid = {1C65146E-53E2-4167-BB72-82EB4E82D774}
	EndGlobalSection
EndGlobal
